
Microsoft Visual Studio Solution File, Format Version 12.00
# Visual Studio Version 16
VisualStudioVersion = 16.0.31624.102
MinimumVisualStudioVersion = 10.0.40219.1
Project("{FAE04EC0-301F-11D3-BF4B-00C04F79EFBC}") = "NewGitRepo", "NewGitRepo\NewGitRepo.csproj", "{EFE502DC-ED30-48FC-AF77-C8D92B17709E}"
EndProject
Global
	GlobalSection(SolutionConfigurationPlatforms) = preSolution
		Debug|Any CPU = Debug|Any CPU
		Release|Any CPU = Release|Any CPU
	EndGlobalSection
	GlobalSection(ProjectConfigurationPlatforms) = postSolution
		{EFE502DC-ED30-48FC-AF77-C8D92B17709E}.Debug|Any CPU.ActiveCfg = Debug|Any CPU
		{EFE502DC-ED30-48FC-AF77-C8D92B17709E}.Debug|Any CPU.Build.0 = Debug|Any CPU
		{EFE502DC-ED30-48FC-AF77-C8D92B17709E}.Release|Any CPU.ActiveCfg = Release|Any CPU
		{EFE502DC-ED30-48FC-AF77-C8D92B17709E}.Release|Any CPU.Build.0 = Release|Any CPU
	EndGlobalSection
	GlobalSection(SolutionProperties) = preSolution
		HideSolutionNode = FALSE
	EndGlobalSection
	GlobalSection(ExtensibilityGlobals) = postSolution
		SolutionGuid = {48E7122D-B7AC-42C4-A48F-120C8E80545E}
	EndGlobalSection
EndGlobal
